
Microsoft Visual Studio Solution File, Format Version 12.00
# Visual Studio Version 16
VisualStudioVersion = 16.0.31410.357
MinimumVisualStudioVersion = 10.0.40219.1
Project("{9A19103F-16F7-4668-BE54-9A1E7A4F7556}") = "DocFX", "DocFX.csproj", "{0913E67A-5275-4585-B8A6-5EE39AB79884}"
EndProject
Global
	GlobalSection(SolutionConfigurationPlatforms) = preSolution
		Debug|Any CPU = Debug|Any CPU
		Release|Any CPU = Release|Any CPU
	EndGlobalSection
	GlobalSection(ProjectConfigurationPlatforms) = postSolution
		{0913E67A-5275-4585-B8A6-5EE39AB79884}.Debug|Any CPU.ActiveCfg = Debug|Any CPU
		{0913E67A-5275-4585-B8A6-5EE39AB79884}.Debug|Any CPU.Build.0 = Debug|Any CPU
		{0913E67A-5275-4585-B8A6-5EE39AB79884}.Release|Any CPU.ActiveCfg = Release|Any CPU
		{0913E67A-5275-4585-B8A6-5EE39AB79884}.Release|Any CPU.Build.0 = Release|Any CPU
	EndGlobalSection
	GlobalSection(SolutionProperties) = preSolution
		HideSolutionNode = FALSE
	EndGlobalSection
	GlobalSection(ExtensibilityGlobals) = postSolution
		SolutionGuid = {5321F7D4-ED0B-414A-A209-468A7C12E653}
	EndGlobalSection
EndGlobal
